// !$*UTF8*$!
{
	archiveVersion = 1;
	classes = {
	};
	objectVersion = 46;
	objects = {

/* Begin PBXBuildFile section */
		19A62E73C38B506BE1D9D924 /* Pods_PantryUITests.framework in Frameworks */ = {isa = PBXBuildFile; fileRef = 2A0AA8BDFB1561978AEB45B4 /* Pods_PantryUITests.framework */; };
		2DB5BFF61BF4762E0EAD8897 /* Pods_PantryTests.framework in Frameworks */ = {isa = PBXBuildFile; fileRef = BFDC20765C8182BC630C91B6 /* Pods_PantryTests.framework */; };
		72905F91ED857F7557A2DB16 /* Pods_Pantry.framework in Frameworks */ = {isa = PBXBuildFile; fileRef = 7811799277CFF9821EAB7A63 /* Pods_Pantry.framework */; };
		D00C89C41EF62CA900992D19 /* UserDocuments.swift in Sources */ = {isa = PBXBuildFile; fileRef = D00C89C31EF62CA900992D19 /* UserDocuments.swift */; };
		D0133E7F1EECDFC80098B056 /* PantryAuthPickerViewController.swift in Sources */ = {isa = PBXBuildFile; fileRef = D0133E7E1EECDFC80098B056 /* PantryAuthPickerViewController.swift */; };
		D01FD2EC1EF73D5F008DD04C /* UPCDatabase.swift in Sources */ = {isa = PBXBuildFile; fileRef = D01FD2EB1EF73D5F008DD04C /* UPCDatabase.swift */; };
		D020470B1D78E8F300CB7C5D /* AppDelegate.swift in Sources */ = {isa = PBXBuildFile; fileRef = D020470A1D78E8F300CB7C5D /* AppDelegate.swift */; };
		D020470F1D78E8F300CB7C5D /* UPCScanViewController.swift in Sources */ = {isa = PBXBuildFile; fileRef = D020470E1D78E8F300CB7C5D /* UPCScanViewController.swift */; };
		D02047121D78E8F300CB7C5D /* Main.storyboard in Resources */ = {isa = PBXBuildFile; fileRef = D02047101D78E8F300CB7C5D /* Main.storyboard */; };
		D02047141D78E8F300CB7C5D /* Assets.xcassets in Resources */ = {isa = PBXBuildFile; fileRef = D02047131D78E8F300CB7C5D /* Assets.xcassets */; };
		D02047171D78E8F300CB7C5D /* LaunchScreen.storyboard in Resources */ = {isa = PBXBuildFile; fileRef = D02047151D78E8F300CB7C5D /* LaunchScreen.storyboard */; };
		D02047221D78E8F400CB7C5D /* PantryTests.swift in Sources */ = {isa = PBXBuildFile; fileRef = D02047211D78E8F400CB7C5D /* PantryTests.swift */; };
		D020472D1D78E8F400CB7C5D /* PantryUITests.swift in Sources */ = {isa = PBXBuildFile; fileRef = D020472C1D78E8F400CB7C5D /* PantryUITests.swift */; };
		D03A04811E76160A00DC04C3 /* UPCitemdb.swift in Sources */ = {isa = PBXBuildFile; fileRef = D03A04801E76160A00DC04C3 /* UPCitemdb.swift */; };
		D04477631DD74989001FE0A2 /* MyPantryViewController.swift in Sources */ = {isa = PBXBuildFile; fileRef = D04477621DD74989001FE0A2 /* MyPantryViewController.swift */; };
		D04477651DD75A98001FE0A2 /* PantryTableViewCell.swift in Sources */ = {isa = PBXBuildFile; fileRef = D04477641DD75A98001FE0A2 /* PantryTableViewCell.swift */; };
		D04477691DD79A79001FE0A2 /* GoogleService-Info.plist in Resources */ = {isa = PBXBuildFile; fileRef = D04477681DD79A79001FE0A2 /* GoogleService-Info.plist */; };
		D0485D971DD7E7C700BF7441 /* ItemDetailsViewController.swift in Sources */ = {isa = PBXBuildFile; fileRef = D0485D961DD7E7C700BF7441 /* ItemDetailsViewController.swift */; };
		D063DA701EEE7E6400DDD37A /* Pantry.swift in Sources */ = {isa = PBXBuildFile; fileRef = D063DA6F1EEE7E6400DDD37A /* Pantry.swift */; };
		D06874D21EEC24E400532DDF /* SettingsAccountCell.swift in Sources */ = {isa = PBXBuildFile; fileRef = D06874D11EEC24E400532DDF /* SettingsAccountCell.swift */; };
		D06874D51EEC975200532DDF /* infoPrint.swift in Sources */ = {isa = PBXBuildFile; fileRef = D06874D41EEC975200532DDF /* infoPrint.swift */; };
		D0693E4F1F2C6771001AE4DD /* Firebase.swift in Sources */ = {isa = PBXBuildFile; fileRef = D0693E461F2C6771001AE4DD /* Firebase.swift */; };
		D0693E501F2C6771001AE4DD /* FirebaseValue.swift in Sources */ = {isa = PBXBuildFile; fileRef = D0693E471F2C6771001AE4DD /* FirebaseValue.swift */; };
		D0693E511F2C6771001AE4DD /* FirebaseDictionary.swift in Sources */ = {isa = PBXBuildFile; fileRef = D0693E481F2C6771001AE4DD /* FirebaseDictionary.swift */; };
		D0693E521F2C6771001AE4DD /* FirebaseArray.swift in Sources */ = {isa = PBXBuildFile; fileRef = D0693E491F2C6771001AE4DD /* FirebaseArray.swift */; };
		D0693E531F2C6771001AE4DD /* Database+FireWrap.swift in Sources */ = {isa = PBXBuildFile; fileRef = D0693E4A1F2C6771001AE4DD /* Database+FireWrap.swift */; };
		D0693E541F2C6771001AE4DD /* DataSnapshot+FireWrap.swift in Sources */ = {isa = PBXBuildFile; fileRef = D0693E4B1F2C6771001AE4DD /* DataSnapshot+FireWrap.swift */; };
		D07093A31EEC17D0005DFA56 /* SettingsSignInCell.swift in Sources */ = {isa = PBXBuildFile; fileRef = D07093A21EEC17D0005DFA56 /* SettingsSignInCell.swift */; };
		D07093A51EEC1A13005DFA56 /* SettingsViewController.swift in Sources */ = {isa = PBXBuildFile; fileRef = D07093A41EEC1A13005DFA56 /* SettingsViewController.swift */; };
		D081428E1EEBAC010016DE79 /* SimpleUPC.swift in Sources */ = {isa = PBXBuildFile; fileRef = D081428D1EEBAC010016DE79 /* SimpleUPC.swift */; };
		D08142901EEBAF980016DE79 /* Keys.plist in Resources */ = {isa = PBXBuildFile; fileRef = D081428F1EEBAF980016DE79 /* Keys.plist */; };
		D08142921EEBD07D0016DE79 /* PantryTabBarController.swift in Sources */ = {isa = PBXBuildFile; fileRef = D08142911EEBD07D0016DE79 /* PantryTabBarController.swift */; };
		D08A02521E7686D300F2A486 /* GroceryListViewController.swift in Sources */ = {isa = PBXBuildFile; fileRef = D08A02511E7686D300F2A486 /* GroceryListViewController.swift */; };
		D08A02541E7686E000F2A486 /* Groceries.storyboard in Resources */ = {isa = PBXBuildFile; fileRef = D08A02531E7686E000F2A486 /* Groceries.storyboard */; };
		D08A02861E7740BD00F2A486 /* UIViewControllerExtension.swift in Sources */ = {isa = PBXBuildFile; fileRef = D08A02851E7740BD00F2A486 /* UIViewControllerExtension.swift */; };
		D08A02891E77596000F2A486 /* Recipes.storyboard in Resources */ = {isa = PBXBuildFile; fileRef = D08A02881E77596000F2A486 /* Recipes.storyboard */; };
		D08F65981E754137006D8C60 /* Pantry.storyboard in Resources */ = {isa = PBXBuildFile; fileRef = D08F65971E754137006D8C60 /* Pantry.storyboard */; };
		D0A7A0FF1E3ADFE900A9D6CA /* EditItemDetailsViewController.swift in Sources */ = {isa = PBXBuildFile; fileRef = D0A7A0FE1E3ADFE900A9D6CA /* EditItemDetailsViewController.swift */; };
		D0B23DD11E7670960059DF72 /* KeyboardHandler.swift in Sources */ = {isa = PBXBuildFile; fileRef = D0B23DD01E7670960059DF72 /* KeyboardHandler.swift */; };
		D0B23DD41E7680F30059DF72 /* Settings.storyboard in Resources */ = {isa = PBXBuildFile; fileRef = D0B23DD31E7680F30059DF72 /* Settings.storyboard */; };
		D0B41BB51EF4E2AB001EDEA5 /* AddItem.storyboard in Resources */ = {isa = PBXBuildFile; fileRef = D0B41BB41EF4E2AB001EDEA5 /* AddItem.storyboard */; };
		D0CB0B7F1F2C9533001B1C1A /* Item.swift in Sources */ = {isa = PBXBuildFile; fileRef = D0CB0B7E1F2C9533001B1C1A /* Item.swift */; };
		D0CB0B811F2DB767001B1C1A /* FirebaseSuggestions.swift in Sources */ = {isa = PBXBuildFile; fileRef = D0CB0B801F2DB767001B1C1A /* FirebaseSuggestions.swift */; };
		D0D988771EF61DF500DE80D6 /* UPCScannerView.swift in Sources */ = {isa = PBXBuildFile; fileRef = D0D988761EF61DF500DE80D6 /* UPCScannerView.swift */; };
		D0EAB15E1EF3AAE1003EBC56 /* PantryItem.swift in Sources */ = {isa = PBXBuildFile; fileRef = D0EAB15D1EF3AAE1003EBC56 /* PantryItem.swift */; };
		D0FE18771EF50596007A6561 /* AccountViewController.swift in Sources */ = {isa = PBXBuildFile; fileRef = D0FE18761EF50596007A6561 /* AccountViewController.swift */; };
		D0FE18791EF511D3007A6561 /* PantryUser.swift in Sources */ = {isa = PBXBuildFile; fileRef = D0FE18781EF511D3007A6561 /* PantryUser.swift */; };
/* End PBXBuildFile section */

/* Begin PBXContainerItemProxy section */
		D020471E1D78E8F300CB7C5D /* PBXContainerItemProxy */ = {
			isa = PBXContainerItemProxy;
			containerPortal = D02046FF1D78E8F300CB7C5D /* Project object */;
			proxyType = 1;
			remoteGlobalIDString = D02047061D78E8F300CB7C5D;
			remoteInfo = Pantry;
		};
		D02047291D78E8F400CB7C5D /* PBXContainerItemProxy */ = {
			isa = PBXContainerItemProxy;
			containerPortal = D02046FF1D78E8F300CB7C5D /* Project object */;
			proxyType = 1;
			remoteGlobalIDString = D02047061D78E8F300CB7C5D;
			remoteInfo = Pantry;
		};
/* End PBXContainerItemProxy section */

/* Begin PBXFileReference section */
		0839DCF6F0D43A1461038D41 /* Pods-PantryTests.release.xcconfig */ = {isa = PBXFileReference; includeInIndex = 1; lastKnownFileType = text.xcconfig; name = "Pods-PantryTests.release.xcconfig"; path = "Pods/Target Support Files/Pods-PantryTests/Pods-PantryTests.release.xcconfig"; sourceTree = "<group>"; };
		2A0AA8BDFB1561978AEB45B4 /* Pods_PantryUITests.framework */ = {isa = PBXFileReference; explicitFileType = wrapper.framework; includeInIndex = 0; path = Pods_PantryUITests.framework; sourceTree = BUILT_PRODUCTS_DIR; };
		6E4BC14A3E7BC3F44CEE18D1 /* Pods-PantryUITests.release.xcconfig */ = {isa = PBXFileReference; includeInIndex = 1; lastKnownFileType = text.xcconfig; name = "Pods-PantryUITests.release.xcconfig"; path = "Pods/Target Support Files/Pods-PantryUITests/Pods-PantryUITests.release.xcconfig"; sourceTree = "<group>"; };
		71637716CC578255D7E48ED8 /* Pods-PantryTests.debug.xcconfig */ = {isa = PBXFileReference; includeInIndex = 1; lastKnownFileType = text.xcconfig; name = "Pods-PantryTests.debug.xcconfig"; path = "Pods/Target Support Files/Pods-PantryTests/Pods-PantryTests.debug.xcconfig"; sourceTree = "<group>"; };
		7811799277CFF9821EAB7A63 /* Pods_Pantry.framework */ = {isa = PBXFileReference; explicitFileType = wrapper.framework; includeInIndex = 0; path = Pods_Pantry.framework; sourceTree = BUILT_PRODUCTS_DIR; };
		89735634748133BEA982B25B /* Pods-Pantry.debug.xcconfig */ = {isa = PBXFileReference; includeInIndex = 1; lastKnownFileType = text.xcconfig; name = "Pods-Pantry.debug.xcconfig"; path = "Pods/Target Support Files/Pods-Pantry/Pods-Pantry.debug.xcconfig"; sourceTree = "<group>"; };
		BFDC20765C8182BC630C91B6 /* Pods_PantryTests.framework */ = {isa = PBXFileReference; explicitFileType = wrapper.framework; includeInIndex = 0; path = Pods_PantryTests.framework; sourceTree = BUILT_PRODUCTS_DIR; };
		D00C89C31EF62CA900992D19 /* UserDocuments.swift */ = {isa = PBXFileReference; lastKnownFileType = sourcecode.swift; path = UserDocuments.swift; sourceTree = "<group>"; };
		D0133E7D1EECD8ED0098B056 /* Pantry.entitlements */ = {isa = PBXFileReference; lastKnownFileType = text.plist.entitlements; path = Pantry.entitlements; sourceTree = "<group>"; };
		D0133E7E1EECDFC80098B056 /* PantryAuthPickerViewController.swift */ = {isa = PBXFileReference; lastKnownFileType = sourcecode.swift; path = PantryAuthPickerViewController.swift; sourceTree = "<group>"; };
		D01FD2EB1EF73D5F008DD04C /* UPCDatabase.swift */ = {isa = PBXFileReference; indentWidth = 2; lastKnownFileType = sourcecode.swift; path = UPCDatabase.swift; sourceTree = "<group>"; tabWidth = 2; };
		D02047071D78E8F300CB7C5D /* Pantry.app */ = {isa = PBXFileReference; explicitFileType = wrapper.application; includeInIndex = 0; path = Pantry.app; sourceTree = BUILT_PRODUCTS_DIR; };
		D020470A1D78E8F300CB7C5D /* AppDelegate.swift */ = {isa = PBXFileReference; lastKnownFileType = sourcecode.swift; path = AppDelegate.swift; sourceTree = "<group>"; };
		D020470E1D78E8F300CB7C5D /* UPCScanViewController.swift */ = {isa = PBXFileReference; lastKnownFileType = sourcecode.swift; path = UPCScanViewController.swift; sourceTree = "<group>"; };
		D02047111D78E8F300CB7C5D /* Base */ = {isa = PBXFileReference; lastKnownFileType = file.storyboard; name = Base; path = Base.lproj/Main.storyboard; sourceTree = "<group>"; };
		D02047131D78E8F300CB7C5D /* Assets.xcassets */ = {isa = PBXFileReference; lastKnownFileType = folder.assetcatalog; path = Assets.xcassets; sourceTree = "<group>"; };
		D02047161D78E8F300CB7C5D /* Base */ = {isa = PBXFileReference; lastKnownFileType = file.storyboard; name = Base; path = Base.lproj/LaunchScreen.storyboard; sourceTree = "<group>"; };
		D02047181D78E8F300CB7C5D /* Info.plist */ = {isa = PBXFileReference; lastKnownFileType = text.plist; path = Info.plist; sourceTree = "<group>"; };
		D020471D1D78E8F300CB7C5D /* PantryTests.xctest */ = {isa = PBXFileReference; explicitFileType = wrapper.cfbundle; includeInIndex = 0; path = PantryTests.xctest; sourceTree = BUILT_PRODUCTS_DIR; };
		D02047211D78E8F400CB7C5D /* PantryTests.swift */ = {isa = PBXFileReference; lastKnownFileType = sourcecode.swift; path = PantryTests.swift; sourceTree = "<group>"; };
		D02047231D78E8F400CB7C5D /* Info.plist */ = {isa = PBXFileReference; lastKnownFileType = text.plist.xml; path = Info.plist; sourceTree = "<group>"; };
		D02047281D78E8F400CB7C5D /* PantryUITests.xctest */ = {isa = PBXFileReference; explicitFileType = wrapper.cfbundle; includeInIndex = 0; path = PantryUITests.xctest; sourceTree = BUILT_PRODUCTS_DIR; };
		D020472C1D78E8F400CB7C5D /* PantryUITests.swift */ = {isa = PBXFileReference; lastKnownFileType = sourcecode.swift; path = PantryUITests.swift; sourceTree = "<group>"; };
		D020472E1D78E8F400CB7C5D /* Info.plist */ = {isa = PBXFileReference; lastKnownFileType = text.plist.xml; path = Info.plist; sourceTree = "<group>"; };
		D03A04801E76160A00DC04C3 /* UPCitemdb.swift */ = {isa = PBXFileReference; fileEncoding = 4; lastKnownFileType = sourcecode.swift; path = UPCitemdb.swift; sourceTree = "<group>"; };
		D04477621DD74989001FE0A2 /* MyPantryViewController.swift */ = {isa = PBXFileReference; fileEncoding = 4; lastKnownFileType = sourcecode.swift; path = MyPantryViewController.swift; sourceTree = "<group>"; };
		D04477641DD75A98001FE0A2 /* PantryTableViewCell.swift */ = {isa = PBXFileReference; fileEncoding = 4; lastKnownFileType = sourcecode.swift; path = PantryTableViewCell.swift; sourceTree = "<group>"; };
		D04477681DD79A79001FE0A2 /* GoogleService-Info.plist */ = {isa = PBXFileReference; fileEncoding = 4; lastKnownFileType = text.plist; path = "GoogleService-Info.plist"; sourceTree = "<group>"; };
		D0485D961DD7E7C700BF7441 /* ItemDetailsViewController.swift */ = {isa = PBXFileReference; fileEncoding = 4; lastKnownFileType = sourcecode.swift; path = ItemDetailsViewController.swift; sourceTree = "<group>"; };
		D063DA6F1EEE7E6400DDD37A /* Pantry.swift */ = {isa = PBXFileReference; lastKnownFileType = sourcecode.swift; path = Pantry.swift; sourceTree = "<group>"; };
		D06874D11EEC24E400532DDF /* SettingsAccountCell.swift */ = {isa = PBXFileReference; lastKnownFileType = sourcecode.swift; path = SettingsAccountCell.swift; sourceTree = "<group>"; };
		D06874D41EEC975200532DDF /* infoPrint.swift */ = {isa = PBXFileReference; lastKnownFileType = sourcecode.swift; path = infoPrint.swift; sourceTree = "<group>"; };
		D0693E461F2C6771001AE4DD /* Firebase.swift */ = {isa = PBXFileReference; fileEncoding = 4; lastKnownFileType = sourcecode.swift; path = Firebase.swift; sourceTree = "<group>"; };
		D0693E471F2C6771001AE4DD /* FirebaseValue.swift */ = {isa = PBXFileReference; fileEncoding = 4; lastKnownFileType = sourcecode.swift; path = FirebaseValue.swift; sourceTree = "<group>"; };
		D0693E481F2C6771001AE4DD /* FirebaseDictionary.swift */ = {isa = PBXFileReference; fileEncoding = 4; lastKnownFileType = sourcecode.swift; path = FirebaseDictionary.swift; sourceTree = "<group>"; };
		D0693E491F2C6771001AE4DD /* FirebaseArray.swift */ = {isa = PBXFileReference; fileEncoding = 4; lastKnownFileType = sourcecode.swift; path = FirebaseArray.swift; sourceTree = "<group>"; };
		D0693E4A1F2C6771001AE4DD /* Database+FireWrap.swift */ = {isa = PBXFileReference; fileEncoding = 4; lastKnownFileType = sourcecode.swift; path = "Database+FireWrap.swift"; sourceTree = "<group>"; };
		D0693E4B1F2C6771001AE4DD /* DataSnapshot+FireWrap.swift */ = {isa = PBXFileReference; fileEncoding = 4; lastKnownFileType = sourcecode.swift; path = "DataSnapshot+FireWrap.swift"; sourceTree = "<group>"; };
		D07093A21EEC17D0005DFA56 /* SettingsSignInCell.swift */ = {isa = PBXFileReference; lastKnownFileType = sourcecode.swift; path = SettingsSignInCell.swift; sourceTree = "<group>"; };
		D07093A41EEC1A13005DFA56 /* SettingsViewController.swift */ = {isa = PBXFileReference; lastKnownFileType = sourcecode.swift; path = SettingsViewController.swift; sourceTree = "<group>"; };
		D081428D1EEBAC010016DE79 /* SimpleUPC.swift */ = {isa = PBXFileReference; fileEncoding = 4; lastKnownFileType = sourcecode.swift; path = SimpleUPC.swift; sourceTree = "<group>"; };
		D081428F1EEBAF980016DE79 /* Keys.plist */ = {isa = PBXFileReference; fileEncoding = 4; lastKnownFileType = text.plist.xml; path = Keys.plist; sourceTree = "<group>"; };
		D08142911EEBD07D0016DE79 /* PantryTabBarController.swift */ = {isa = PBXFileReference; fileEncoding = 4; lastKnownFileType = sourcecode.swift; path = PantryTabBarController.swift; sourceTree = "<group>"; };
		D08A02511E7686D300F2A486 /* GroceryListViewController.swift */ = {isa = PBXFileReference; fileEncoding = 4; lastKnownFileType = sourcecode.swift; path = GroceryListViewController.swift; sourceTree = "<group>"; };
		D08A02531E7686E000F2A486 /* Groceries.storyboard */ = {isa = PBXFileReference; fileEncoding = 4; lastKnownFileType = file.storyboard; path = Groceries.storyboard; sourceTree = "<group>"; };
		D08A02851E7740BD00F2A486 /* UIViewControllerExtension.swift */ = {isa = PBXFileReference; fileEncoding = 4; lastKnownFileType = sourcecode.swift; path = UIViewControllerExtension.swift; sourceTree = "<group>"; };
		D08A02881E77596000F2A486 /* Recipes.storyboard */ = {isa = PBXFileReference; fileEncoding = 4; lastKnownFileType = file.storyboard; path = Recipes.storyboard; sourceTree = "<group>"; };
		D08F65971E754137006D8C60 /* Pantry.storyboard */ = {isa = PBXFileReference; fileEncoding = 4; lastKnownFileType = file.storyboard; path = Pantry.storyboard; sourceTree = "<group>"; };
		D0A7A0FE1E3ADFE900A9D6CA /* EditItemDetailsViewController.swift */ = {isa = PBXFileReference; fileEncoding = 4; lastKnownFileType = sourcecode.swift; path = EditItemDetailsViewController.swift; sourceTree = "<group>"; };
		D0B23DD01E7670960059DF72 /* KeyboardHandler.swift */ = {isa = PBXFileReference; fileEncoding = 4; lastKnownFileType = sourcecode.swift; path = KeyboardHandler.swift; sourceTree = "<group>"; };
		D0B23DD31E7680F30059DF72 /* Settings.storyboard */ = {isa = PBXFileReference; fileEncoding = 4; lastKnownFileType = file.storyboard; path = Settings.storyboard; sourceTree = "<group>"; };
		D0B41BB41EF4E2AB001EDEA5 /* AddItem.storyboard */ = {isa = PBXFileReference; lastKnownFileType = file.storyboard; path = AddItem.storyboard; sourceTree = "<group>"; };
		D0CB0B7E1F2C9533001B1C1A /* Item.swift */ = {isa = PBXFileReference; lastKnownFileType = sourcecode.swift; path = Item.swift; sourceTree = "<group>"; };
		D0CB0B801F2DB767001B1C1A /* FirebaseSuggestions.swift */ = {isa = PBXFileReference; lastKnownFileType = sourcecode.swift; path = FirebaseSuggestions.swift; sourceTree = "<group>"; };
		D0D988761EF61DF500DE80D6 /* UPCScannerView.swift */ = {isa = PBXFileReference; lastKnownFileType = sourcecode.swift; path = UPCScannerView.swift; sourceTree = "<group>"; };
		D0EAB15D1EF3AAE1003EBC56 /* PantryItem.swift */ = {isa = PBXFileReference; lastKnownFileType = sourcecode.swift; path = PantryItem.swift; sourceTree = "<group>"; };
		D0FE18761EF50596007A6561 /* AccountViewController.swift */ = {isa = PBXFileReference; lastKnownFileType = sourcecode.swift; path = AccountViewController.swift; sourceTree = "<group>"; };
		D0FE18781EF511D3007A6561 /* PantryUser.swift */ = {isa = PBXFileReference; lastKnownFileType = sourcecode.swift; path = PantryUser.swift; sourceTree = "<group>"; };
		D504D17F6A9030BA2CEE7D2D /* Pods-PantryUITests.debug.xcconfig */ = {isa = PBXFileReference; includeInIndex = 1; lastKnownFileType = text.xcconfig; name = "Pods-PantryUITests.debug.xcconfig"; path = "Pods/Target Support Files/Pods-PantryUITests/Pods-PantryUITests.debug.xcconfig"; sourceTree = "<group>"; };
		D6C838AA62C3C55C9177C633 /* Pods-Pantry.release.xcconfig */ = {isa = PBXFileReference; includeInIndex = 1; lastKnownFileType = text.xcconfig; name = "Pods-Pantry.release.xcconfig"; path = "Pods/Target Support Files/Pods-Pantry/Pods-Pantry.release.xcconfig"; sourceTree = "<group>"; };
/* End PBXFileReference section */

/* Begin PBXFrameworksBuildPhase section */
		D02047041D78E8F300CB7C5D /* Frameworks */ = {
			isa = PBXFrameworksBuildPhase;
			buildActionMask = 2147483647;
			files = (
				72905F91ED857F7557A2DB16 /* Pods_Pantry.framework in Frameworks */,
			);
			runOnlyForDeploymentPostprocessing = 0;
		};
		D020471A1D78E8F300CB7C5D /* Frameworks */ = {
			isa = PBXFrameworksBuildPhase;
			buildActionMask = 2147483647;
			files = (
				2DB5BFF61BF4762E0EAD8897 /* Pods_PantryTests.framework in Frameworks */,
			);
			runOnlyForDeploymentPostprocessing = 0;
		};
		D02047251D78E8F400CB7C5D /* Frameworks */ = {
			isa = PBXFrameworksBuildPhase;
			buildActionMask = 2147483647;
			files = (
				19A62E73C38B506BE1D9D924 /* Pods_PantryUITests.framework in Frameworks */,
			);
			runOnlyForDeploymentPostprocessing = 0;
		};
/* End PBXFrameworksBuildPhase section */

/* Begin PBXGroup section */
		4CACF79D13D0C3DC71DE7504 /* Pods */ = {
			isa = PBXGroup;
			children = (
				89735634748133BEA982B25B /* Pods-Pantry.debug.xcconfig */,
				D6C838AA62C3C55C9177C633 /* Pods-Pantry.release.xcconfig */,
				71637716CC578255D7E48ED8 /* Pods-PantryTests.debug.xcconfig */,
				0839DCF6F0D43A1461038D41 /* Pods-PantryTests.release.xcconfig */,
				D504D17F6A9030BA2CEE7D2D /* Pods-PantryUITests.debug.xcconfig */,
				6E4BC14A3E7BC3F44CEE18D1 /* Pods-PantryUITests.release.xcconfig */,
			);
			name = Pods;
			sourceTree = "<group>";
		};
		AFEA49462A84A8F6EC3E40AB /* Frameworks */ = {
			isa = PBXGroup;
			children = (
				D0693E4E1F2C6771001AE4DD /* FireWrap */,
				7811799277CFF9821EAB7A63 /* Pods_Pantry.framework */,
				BFDC20765C8182BC630C91B6 /* Pods_PantryTests.framework */,
				2A0AA8BDFB1561978AEB45B4 /* Pods_PantryUITests.framework */,
			);
			name = Frameworks;
			sourceTree = "<group>";
		};
		D00C89C21EF62C2400992D19 /* Stores */ = {
			isa = PBXGroup;
			children = (
				D00C89C31EF62CA900992D19 /* UserDocuments.swift */,
			);
			path = Stores;
			sourceTree = "<group>";
		};
		D02046FE1D78E8F300CB7C5D = {
			isa = PBXGroup;
			children = (
				D02047091D78E8F300CB7C5D /* Pantry */,
				D02047201D78E8F400CB7C5D /* PantryTests */,
				D020472B1D78E8F400CB7C5D /* PantryUITests */,
				D02047081D78E8F300CB7C5D /* Products */,
				AFEA49462A84A8F6EC3E40AB /* Frameworks */,
				4CACF79D13D0C3DC71DE7504 /* Pods */,
			);
			sourceTree = "<group>";
		};
		D02047081D78E8F300CB7C5D /* Products */ = {
			isa = PBXGroup;
			children = (
				D02047071D78E8F300CB7C5D /* Pantry.app */,
				D020471D1D78E8F300CB7C5D /* PantryTests.xctest */,
				D02047281D78E8F400CB7C5D /* PantryUITests.xctest */,
			);
			name = Products;
			sourceTree = "<group>";
		};
		D02047091D78E8F300CB7C5D /* Pantry */ = {
			isa = PBXGroup;
			children = (
				D0D988731EF60F9C00DE80D6 /* Models */,
				D0D988751EF6183F00DE80D6 /* Views */,
				D08F65951E7536F8006D8C60 /* Controllers */,
				D0D988741EF60FD700DE80D6 /* Helpers */,
				D00C89C21EF62C2400992D19 /* Stores */,
				D08F65941E75365D006D8C60 /* Application */,
				D0133E7D1EECD8ED0098B056 /* Pantry.entitlements */,
				D02047131D78E8F300CB7C5D /* Assets.xcassets */,
			);
			path = Pantry;
			sourceTree = "<group>";
		};
		D02047201D78E8F400CB7C5D /* PantryTests */ = {
			isa = PBXGroup;
			children = (
				D02047211D78E8F400CB7C5D /* PantryTests.swift */,
				D02047231D78E8F400CB7C5D /* Info.plist */,
			);
			path = PantryTests;
			sourceTree = "<group>";
		};
		D020472B1D78E8F400CB7C5D /* PantryUITests */ = {
			isa = PBXGroup;
			children = (
				D020472C1D78E8F400CB7C5D /* PantryUITests.swift */,
				D020472E1D78E8F400CB7C5D /* Info.plist */,
			);
			path = PantryUITests;
			sourceTree = "<group>";
		};
		D0693E4E1F2C6771001AE4DD /* FireWrap */ = {
			isa = PBXGroup;
			children = (
				D0693E461F2C6771001AE4DD /* Firebase.swift */,
				D0693E471F2C6771001AE4DD /* FirebaseValue.swift */,
				D0693E481F2C6771001AE4DD /* FirebaseDictionary.swift */,
				D0693E491F2C6771001AE4DD /* FirebaseArray.swift */,
				D0693E4A1F2C6771001AE4DD /* Database+FireWrap.swift */,
				D0693E4B1F2C6771001AE4DD /* DataSnapshot+FireWrap.swift */,
			);
			name = FireWrap;
			path = ../FireWrap/FireWrap;
			sourceTree = "<group>";
		};
		D08A02501E7686A300F2A486 /* Grocery List */ = {
			isa = PBXGroup;
			children = (
				D08A02531E7686E000F2A486 /* Groceries.storyboard */,
				D08A02511E7686D300F2A486 /* GroceryListViewController.swift */,
			);
			name = "Grocery List";
			path = Grocery;
			sourceTree = "<group>";
		};
		D08A02871E77594300F2A486 /* Recipes */ = {
			isa = PBXGroup;
			children = (
				D08A02881E77596000F2A486 /* Recipes.storyboard */,
			);
			path = Recipes;
			sourceTree = "<group>";
		};
		D08F65941E75365D006D8C60 /* Application */ = {
			isa = PBXGroup;
			children = (
				D02047151D78E8F300CB7C5D /* LaunchScreen.storyboard */,
				D02047181D78E8F300CB7C5D /* Info.plist */,
				D04477681DD79A79001FE0A2 /* GoogleService-Info.plist */,
				D020470A1D78E8F300CB7C5D /* AppDelegate.swift */,
				D081428F1EEBAF980016DE79 /* Keys.plist */,
			);
			path = Application;
			sourceTree = "<group>";
		};
		D08F65951E7536F8006D8C60 /* Controllers */ = {
			isa = PBXGroup;
			children = (
				D02047101D78E8F300CB7C5D /* Main.storyboard */,
				D08142911EEBD07D0016DE79 /* PantryTabBarController.swift */,
				D08F659C1E7542B5006D8C60 /* AddItem */,
				D08F65991E7541C6006D8C60 /* Pantry */,
				D08A02501E7686A300F2A486 /* Grocery List */,
				D08A02871E77594300F2A486 /* Recipes */,
				D0B23DD21E7680B60059DF72 /* Settings */,
			);
			path = Controllers;
			sourceTree = "<group>";
		};
		D08F65991E7541C6006D8C60 /* Pantry */ = {
			isa = PBXGroup;
			children = (
				D08F65971E754137006D8C60 /* Pantry.storyboard */,
				D04477621DD74989001FE0A2 /* MyPantryViewController.swift */,
				D0485D961DD7E7C700BF7441 /* ItemDetailsViewController.swift */,
			);
			path = Pantry;
			sourceTree = "<group>";
		};
		D08F659C1E7542B5006D8C60 /* AddItem */ = {
			isa = PBXGroup;
			children = (
				D0B41BB41EF4E2AB001EDEA5 /* AddItem.storyboard */,
				D020470E1D78E8F300CB7C5D /* UPCScanViewController.swift */,
				D0A7A0FE1E3ADFE900A9D6CA /* EditItemDetailsViewController.swift */,
			);
			path = AddItem;
			sourceTree = "<group>";
		};
		D0B23DD21E7680B60059DF72 /* Settings */ = {
			isa = PBXGroup;
			children = (
				D0B23DD31E7680F30059DF72 /* Settings.storyboard */,
				D07093A41EEC1A13005DFA56 /* SettingsViewController.swift */,
				D0133E7E1EECDFC80098B056 /* PantryAuthPickerViewController.swift */,
				D0FE18761EF50596007A6561 /* AccountViewController.swift */,
			);
			path = Settings;
			sourceTree = "<group>";
		};
		D0D988731EF60F9C00DE80D6 /* Models */ = {
			isa = PBXGroup;
			children = (
				D01FD2EB1EF73D5F008DD04C /* UPCDatabase.swift */,
				D03A04801E76160A00DC04C3 /* UPCitemdb.swift */,
				D081428D1EEBAC010016DE79 /* SimpleUPC.swift */,
				D063DA6F1EEE7E6400DDD37A /* Pantry.swift */,
				D0EAB15D1EF3AAE1003EBC56 /* PantryItem.swift */,
				D0FE18781EF511D3007A6561 /* PantryUser.swift */,
				D0CB0B7E1F2C9533001B1C1A /* Item.swift */,
				D0CB0B801F2DB767001B1C1A /* FirebaseSuggestions.swift */,
			);
			path = Models;
			sourceTree = "<group>";
		};
		D0D988741EF60FD700DE80D6 /* Helpers */ = {
			isa = PBXGroup;
			children = (
				D06874D41EEC975200532DDF /* infoPrint.swift */,
				D0B23DD01E7670960059DF72 /* KeyboardHandler.swift */,
				D08A02851E7740BD00F2A486 /* UIViewControllerExtension.swift */,
			);
			path = Helpers;
			sourceTree = "<group>";
		};
		D0D988751EF6183F00DE80D6 /* Views */ = {
			isa = PBXGroup;
			children = (
				D07093A21EEC17D0005DFA56 /* SettingsSignInCell.swift */,
				D06874D11EEC24E400532DDF /* SettingsAccountCell.swift */,
				D0D988761EF61DF500DE80D6 /* UPCScannerView.swift */,
				D04477641DD75A98001FE0A2 /* PantryTableViewCell.swift */,
			);
			path = Views;
			sourceTree = "<group>";
		};
/* End PBXGroup section */

/* Begin PBXNativeTarget section */
		D02047061D78E8F300CB7C5D /* Pantry */ = {
			isa = PBXNativeTarget;
			buildConfigurationList = D02047311D78E8F400CB7C5D /* Build configuration list for PBXNativeTarget "Pantry" */;
			buildPhases = (
				B89264D3D5B7D69CFEF7FFE2 /* [CP] Check Pods Manifest.lock */,
				D06874D61EEC9DEB00532DDF /* Highlight TODOs, Warnings, Errors */,
				D06874D31EEC93B800532DDF /* SwiftLint */,
				D02047031D78E8F300CB7C5D /* Sources */,
				D02047041D78E8F300CB7C5D /* Frameworks */,
				D02047051D78E8F300CB7C5D /* Resources */,
				C32837284D68836EBDCC4EA7 /* [CP] Embed Pods Frameworks */,
				375B70B9BE5A71998688BE87 /* [CP] Copy Pods Resources */,
			);
			buildRules = (
			);
			dependencies = (
			);
			name = Pantry;
			productName = Pantry;
			productReference = D02047071D78E8F300CB7C5D /* Pantry.app */;
			productType = "com.apple.product-type.application";
		};
		D020471C1D78E8F300CB7C5D /* PantryTests */ = {
			isa = PBXNativeTarget;
			buildConfigurationList = D02047341D78E8F400CB7C5D /* Build configuration list for PBXNativeTarget "PantryTests" */;
			buildPhases = (
				F8A61FB29EAAB6F84594F68B /* [CP] Check Pods Manifest.lock */,
				D02047191D78E8F300CB7C5D /* Sources */,
				D020471A1D78E8F300CB7C5D /* Frameworks */,
				D020471B1D78E8F300CB7C5D /* Resources */,
				BA1C2A52C973C51705558F7B /* [CP] Embed Pods Frameworks */,
				C4B3A2C197B7D719194EE004 /* [CP] Copy Pods Resources */,
			);
			buildRules = (
			);
			dependencies = (
				D020471F1D78E8F300CB7C5D /* PBXTargetDependency */,
			);
			name = PantryTests;
			productName = PantryTests;
			productReference = D020471D1D78E8F300CB7C5D /* PantryTests.xctest */;
			productType = "com.apple.product-type.bundle.unit-test";
		};
		D02047271D78E8F400CB7C5D /* PantryUITests */ = {
			isa = PBXNativeTarget;
			buildConfigurationList = D02047371D78E8F400CB7C5D /* Build configuration list for PBXNativeTarget "PantryUITests" */;
			buildPhases = (
				6987798322D49E7E7C9F8BA9 /* [CP] Check Pods Manifest.lock */,
				D02047241D78E8F400CB7C5D /* Sources */,
				D02047251D78E8F400CB7C5D /* Frameworks */,
				D02047261D78E8F400CB7C5D /* Resources */,
				EB9D57CCFBB04CEDE4D2947A /* [CP] Embed Pods Frameworks */,
				7798C5BD4C31FAC76F2BB2B2 /* [CP] Copy Pods Resources */,
			);
			buildRules = (
			);
			dependencies = (
				D020472A1D78E8F400CB7C5D /* PBXTargetDependency */,
			);
			name = PantryUITests;
			productName = PantryUITests;
			productReference = D02047281D78E8F400CB7C5D /* PantryUITests.xctest */;
			productType = "com.apple.product-type.bundle.ui-testing";
		};
/* End PBXNativeTarget section */

/* Begin PBXProject section */
		D02046FF1D78E8F300CB7C5D /* Project object */ = {
			isa = PBXProject;
			attributes = {
				LastSwiftUpdateCheck = 0800;
				LastUpgradeCheck = 0900;
				ORGANIZATIONNAME = "Justin Oroz";
				TargetAttributes = {
					D02047061D78E8F300CB7C5D = {
						CreatedOnToolsVersion = 8.0;
						DevelopmentTeam = 747EALPHEP;
						LastSwiftMigration = 0900;
						ProvisioningStyle = Automatic;
						SystemCapabilities = {
							com.apple.BackgroundModes = {
								enabled = 1;
							};
							com.apple.Keychain = {
								enabled = 1;
							};
							com.apple.Push = {
								enabled = 1;
							};
						};
					};
					D020471C1D78E8F300CB7C5D = {
						CreatedOnToolsVersion = 8.0;
						DevelopmentTeam = 747EALPHEP;
						LastSwiftMigration = 0900;
						ProvisioningStyle = Automatic;
						TestTargetID = D02047061D78E8F300CB7C5D;
					};
					D02047271D78E8F400CB7C5D = {
						CreatedOnToolsVersion = 8.0;
						DevelopmentTeam = 747EALPHEP;
						LastSwiftMigration = 0900;
						ProvisioningStyle = Automatic;
						TestTargetID = D02047061D78E8F300CB7C5D;
					};
				};
			};
			buildConfigurationList = D02047021D78E8F300CB7C5D /* Build configuration list for PBXProject "Pantry" */;
			compatibilityVersion = "Xcode 3.2";
			developmentRegion = English;
			hasScannedForEncodings = 0;
			knownRegions = (
				en,
				Base,
			);
			mainGroup = D02046FE1D78E8F300CB7C5D;
			productRefGroup = D02047081D78E8F300CB7C5D /* Products */;
			projectDirPath = "";
			projectRoot = "";
			targets = (
				D02047061D78E8F300CB7C5D /* Pantry */,
				D020471C1D78E8F300CB7C5D /* PantryTests */,
				D02047271D78E8F400CB7C5D /* PantryUITests */,
			);
		};
/* End PBXProject section */

/* Begin PBXResourcesBuildPhase section */
		D02047051D78E8F300CB7C5D /* Resources */ = {
			isa = PBXResourcesBuildPhase;
			buildActionMask = 2147483647;
			files = (
				D08F65981E754137006D8C60 /* Pantry.storyboard in Resources */,
				D02047171D78E8F300CB7C5D /* LaunchScreen.storyboard in Resources */,
				D04477691DD79A79001FE0A2 /* GoogleService-Info.plist in Resources */,
				D02047141D78E8F300CB7C5D /* Assets.xcassets in Resources */,
				D02047121D78E8F300CB7C5D /* Main.storyboard in Resources */,
				D0B41BB51EF4E2AB001EDEA5 /* AddItem.storyboard in Resources */,
				D08A02541E7686E000F2A486 /* Groceries.storyboard in Resources */,
				D08142901EEBAF980016DE79 /* Keys.plist in Resources */,
				D08A02891E77596000F2A486 /* Recipes.storyboard in Resources */,
				D0B23DD41E7680F30059DF72 /* Settings.storyboard in Resources */,
			);
			runOnlyForDeploymentPostprocessing = 0;
		};
		D020471B1D78E8F300CB7C5D /* Resources */ = {
			isa = PBXResourcesBuildPhase;
			buildActionMask = 2147483647;
			files = (
			);
			runOnlyForDeploymentPostprocessing = 0;
		};
		D02047261D78E8F400CB7C5D /* Resources */ = {
			isa = PBXResourcesBuildPhase;
			buildActionMask = 2147483647;
			files = (
			);
			runOnlyForDeploymentPostprocessing = 0;
		};
/* End PBXResourcesBuildPhase section */

/* Begin PBXShellScriptBuildPhase section */
		375B70B9BE5A71998688BE87 /* [CP] Copy Pods Resources */ = {
			isa = PBXShellScriptBuildPhase;
			buildActionMask = 2147483647;
			files = (
			);
			inputPaths = (
			);
			name = "[CP] Copy Pods Resources";
			outputPaths = (
			);
			runOnlyForDeploymentPostprocessing = 0;
			shellPath = /bin/sh;
			shellScript = "\"${SRCROOT}/Pods/Target Support Files/Pods-Pantry/Pods-Pantry-resources.sh\"\n";
			showEnvVarsInLog = 0;
		};
		6987798322D49E7E7C9F8BA9 /* [CP] Check Pods Manifest.lock */ = {
			isa = PBXShellScriptBuildPhase;
			buildActionMask = 2147483647;
			files = (
			);
			inputPaths = (
			);
			name = "[CP] Check Pods Manifest.lock";
			outputPaths = (
			);
			runOnlyForDeploymentPostprocessing = 0;
			shellPath = /bin/sh;
			shellScript = "diff \"${PODS_PODFILE_DIR_PATH}/Podfile.lock\" \"${PODS_ROOT}/Manifest.lock\" > /dev/null\nif [ $? != 0 ] ; then\n    # print error to STDERR\n    echo \"error: The sandbox is not in sync with the Podfile.lock. Run 'pod install' or update your CocoaPods installation.\" >&2\n    exit 1\nfi\n";
			showEnvVarsInLog = 0;
		};
		7798C5BD4C31FAC76F2BB2B2 /* [CP] Copy Pods Resources */ = {
			isa = PBXShellScriptBuildPhase;
			buildActionMask = 2147483647;
			files = (
			);
			inputPaths = (
			);
			name = "[CP] Copy Pods Resources";
			outputPaths = (
			);
			runOnlyForDeploymentPostprocessing = 0;
			shellPath = /bin/sh;
			shellScript = "\"${SRCROOT}/Pods/Target Support Files/Pods-PantryUITests/Pods-PantryUITests-resources.sh\"\n";
			showEnvVarsInLog = 0;
		};
		B89264D3D5B7D69CFEF7FFE2 /* [CP] Check Pods Manifest.lock */ = {
			isa = PBXShellScriptBuildPhase;
			buildActionMask = 2147483647;
			files = (
			);
			inputPaths = (
			);
			name = "[CP] Check Pods Manifest.lock";
			outputPaths = (
			);
			runOnlyForDeploymentPostprocessing = 0;
			shellPath = /bin/sh;
			shellScript = "diff \"${PODS_PODFILE_DIR_PATH}/Podfile.lock\" \"${PODS_ROOT}/Manifest.lock\" > /dev/null\nif [ $? != 0 ] ; then\n    # print error to STDERR\n    echo \"error: The sandbox is not in sync with the Podfile.lock. Run 'pod install' or update your CocoaPods installation.\" >&2\n    exit 1\nfi\n";
			showEnvVarsInLog = 0;
		};
		BA1C2A52C973C51705558F7B /* [CP] Embed Pods Frameworks */ = {
			isa = PBXShellScriptBuildPhase;
			buildActionMask = 2147483647;
			files = (
			);
			inputPaths = (
			);
			name = "[CP] Embed Pods Frameworks";
			outputPaths = (
			);
			runOnlyForDeploymentPostprocessing = 0;
			shellPath = /bin/sh;
			shellScript = "\"${SRCROOT}/Pods/Target Support Files/Pods-PantryTests/Pods-PantryTests-frameworks.sh\"\n";
			showEnvVarsInLog = 0;
		};
		C32837284D68836EBDCC4EA7 /* [CP] Embed Pods Frameworks */ = {
			isa = PBXShellScriptBuildPhase;
			buildActionMask = 2147483647;
			files = (
			);
			inputPaths = (
			);
			name = "[CP] Embed Pods Frameworks";
			outputPaths = (
			);
			runOnlyForDeploymentPostprocessing = 0;
			shellPath = /bin/sh;
			shellScript = "\"${SRCROOT}/Pods/Target Support Files/Pods-Pantry/Pods-Pantry-frameworks.sh\"\n";
			showEnvVarsInLog = 0;
		};
		C4B3A2C197B7D719194EE004 /* [CP] Copy Pods Resources */ = {
			isa = PBXShellScriptBuildPhase;
			buildActionMask = 2147483647;
			files = (
			);
			inputPaths = (
			);
			name = "[CP] Copy Pods Resources";
			outputPaths = (
			);
			runOnlyForDeploymentPostprocessing = 0;
			shellPath = /bin/sh;
			shellScript = "\"${SRCROOT}/Pods/Target Support Files/Pods-PantryTests/Pods-PantryTests-resources.sh\"\n";
			showEnvVarsInLog = 0;
		};
		D06874D31EEC93B800532DDF /* SwiftLint */ = {
			isa = PBXShellScriptBuildPhase;
			buildActionMask = 2147483647;
			files = (
			);
			inputPaths = (
			);
			name = SwiftLint;
			outputPaths = (
			);
			runOnlyForDeploymentPostprocessing = 0;
			shellPath = /bin/sh;
			shellScript = "if which swiftlint >/dev/null; then\nswiftlint\nelse\necho \"warning: SwiftLint not installed, download from https://github.com/realm/SwiftLint\"\nfi";
		};
		D06874D61EEC9DEB00532DDF /* Highlight TODOs, Warnings, Errors */ = {
			isa = PBXShellScriptBuildPhase;
			buildActionMask = 2147483647;
			files = (
			);
			inputPaths = (
			);
			name = "Highlight TODOs, Warnings, Errors";
			outputPaths = (
			);
			runOnlyForDeploymentPostprocessing = 0;
			shellPath = /bin/sh;
			shellScript = "TAGS=\"TODO:|FIXME:\"\nERRORTAG=\"ERROR:\"\nfind \"${SRCROOT}\" \\( -name \"*.h\" -or -name \"*.m\" -or -name \"*.swift\" -type f\\) -print0 | xargs -0 egrep --with-filename --line-number --only-matching \"($TAGS).*\\$|($ERRORTAG).*\\$\" | perl -p -e \"s/($TAGS)/ warning: \\$1/\" | perl -p -e \"s/($ERRORTAG)/ error: \\$1/\"\n";
		};
		EB9D57CCFBB04CEDE4D2947A /* [CP] Embed Pods Frameworks */ = {
			isa = PBXShellScriptBuildPhase;
			buildActionMask = 2147483647;
			files = (
			);
			inputPaths = (
			);
			name = "[CP] Embed Pods Frameworks";
			outputPaths = (
			);
			runOnlyForDeploymentPostprocessing = 0;
			shellPath = /bin/sh;
			shellScript = "\"${SRCROOT}/Pods/Target Support Files/Pods-PantryUITests/Pods-PantryUITests-frameworks.sh\"\n";
			showEnvVarsInLog = 0;
		};
		F8A61FB29EAAB6F84594F68B /* [CP] Check Pods Manifest.lock */ = {
			isa = PBXShellScriptBuildPhase;
			buildActionMask = 2147483647;
			files = (
			);
			inputPaths = (
			);
			name = "[CP] Check Pods Manifest.lock";
			outputPaths = (
			);
			runOnlyForDeploymentPostprocessing = 0;
			shellPath = /bin/sh;
			shellScript = "diff \"${PODS_PODFILE_DIR_PATH}/Podfile.lock\" \"${PODS_ROOT}/Manifest.lock\" > /dev/null\nif [ $? != 0 ] ; then\n    # print error to STDERR\n    echo \"error: The sandbox is not in sync with the Podfile.lock. Run 'pod install' or update your CocoaPods installation.\" >&2\n    exit 1\nfi\n";
			showEnvVarsInLog = 0;
		};
/* End PBXShellScriptBuildPhase section */

/* Begin PBXSourcesBuildPhase section */
		D02047031D78E8F300CB7C5D /* Sources */ = {
			isa = PBXSourcesBuildPhase;
			buildActionMask = 2147483647;
			files = (
				D0693E511F2C6771001AE4DD /* FirebaseDictionary.swift in Sources */,
				D0693E541F2C6771001AE4DD /* DataSnapshot+FireWrap.swift in Sources */,
				D0D988771EF61DF500DE80D6 /* UPCScannerView.swift in Sources */,
				D0A7A0FF1E3ADFE900A9D6CA /* EditItemDetailsViewController.swift in Sources */,
				D0133E7F1EECDFC80098B056 /* PantryAuthPickerViewController.swift in Sources */,
				D020470F1D78E8F300CB7C5D /* UPCScanViewController.swift in Sources */,
				D0CB0B7F1F2C9533001B1C1A /* Item.swift in Sources */,
				D081428E1EEBAC010016DE79 /* SimpleUPC.swift in Sources */,
				D0693E4F1F2C6771001AE4DD /* Firebase.swift in Sources */,
				D08142921EEBD07D0016DE79 /* PantryTabBarController.swift in Sources */,
				D020470B1D78E8F300CB7C5D /* AppDelegate.swift in Sources */,
				D08A02521E7686D300F2A486 /* GroceryListViewController.swift in Sources */,
				D0FE18791EF511D3007A6561 /* PantryUser.swift in Sources */,
				D07093A51EEC1A13005DFA56 /* SettingsViewController.swift in Sources */,
				D0FE18771EF50596007A6561 /* AccountViewController.swift in Sources */,
				D0B23DD11E7670960059DF72 /* KeyboardHandler.swift in Sources */,
				D0CB0B811F2DB767001B1C1A /* FirebaseSuggestions.swift in Sources */,
				D06874D21EEC24E400532DDF /* SettingsAccountCell.swift in Sources */,
				D0693E531F2C6771001AE4DD /* Database+FireWrap.swift in Sources */,
				D04477631DD74989001FE0A2 /* MyPantryViewController.swift in Sources */,
				D00C89C41EF62CA900992D19 /* UserDocuments.swift in Sources */,
				D063DA701EEE7E6400DDD37A /* Pantry.swift in Sources */,
				D08A02861E7740BD00F2A486 /* UIViewControllerExtension.swift in Sources */,
				D0485D971DD7E7C700BF7441 /* ItemDetailsViewController.swift in Sources */,
				D01FD2EC1EF73D5F008DD04C /* UPCDatabase.swift in Sources */,
				D0693E501F2C6771001AE4DD /* FirebaseValue.swift in Sources */,
				D07093A31EEC17D0005DFA56 /* SettingsSignInCell.swift in Sources */,
				D0EAB15E1EF3AAE1003EBC56 /* PantryItem.swift in Sources */,
				D06874D51EEC975200532DDF /* infoPrint.swift in Sources */,
				D03A04811E76160A00DC04C3 /* UPCitemdb.swift in Sources */,
				D0693E521F2C6771001AE4DD /* FirebaseArray.swift in Sources */,
				D04477651DD75A98001FE0A2 /* PantryTableViewCell.swift in Sources */,
			);
			runOnlyForDeploymentPostprocessing = 0;
		};
		D02047191D78E8F300CB7C5D /* Sources */ = {
			isa = PBXSourcesBuildPhase;
			buildActionMask = 2147483647;
			files = (
				D02047221D78E8F400CB7C5D /* PantryTests.swift in Sources */,
			);
			runOnlyForDeploymentPostprocessing = 0;
		};
		D02047241D78E8F400CB7C5D /* Sources */ = {
			isa = PBXSourcesBuildPhase;
			buildActionMask = 2147483647;
			files = (
				D020472D1D78E8F400CB7C5D /* PantryUITests.swift in Sources */,
			);
			runOnlyForDeploymentPostprocessing = 0;
		};
/* End PBXSourcesBuildPhase section */

/* Begin PBXTargetDependency section */
		D020471F1D78E8F300CB7C5D /* PBXTargetDependency */ = {
			isa = PBXTargetDependency;
			target = D02047061D78E8F300CB7C5D /* Pantry */;
			targetProxy = D020471E1D78E8F300CB7C5D /* PBXContainerItemProxy */;
		};
		D020472A1D78E8F400CB7C5D /* PBXTargetDependency */ = {
			isa = PBXTargetDependency;
			target = D02047061D78E8F300CB7C5D /* Pantry */;
			targetProxy = D02047291D78E8F400CB7C5D /* PBXContainerItemProxy */;
		};
/* End PBXTargetDependency section */

/* Begin PBXVariantGroup section */
		D02047101D78E8F300CB7C5D /* Main.storyboard */ = {
			isa = PBXVariantGroup;
			children = (
				D02047111D78E8F300CB7C5D /* Base */,
			);
			name = Main.storyboard;
			path = ..;
			sourceTree = "<group>";
		};
		D02047151D78E8F300CB7C5D /* LaunchScreen.storyboard */ = {
			isa = PBXVariantGroup;
			children = (
				D02047161D78E8F300CB7C5D /* Base */,
			);
			name = LaunchScreen.storyboard;
			sourceTree = "<group>";
		};
/* End PBXVariantGroup section */

/* Begin XCBuildConfiguration section */
		D020472F1D78E8F400CB7C5D /* Debug */ = {
			isa = XCBuildConfiguration;
			buildSettings = {
				ALWAYS_SEARCH_USER_PATHS = NO;
				CLANG_ANALYZER_NONNULL = YES;
				CLANG_CXX_LANGUAGE_STANDARD = "gnu++0x";
				CLANG_CXX_LIBRARY = "libc++";
				CLANG_ENABLE_MODULES = YES;
				CLANG_ENABLE_OBJC_ARC = YES;
				CLANG_WARN_BLOCK_CAPTURE_AUTORELEASING = YES;
				CLANG_WARN_BOOL_CONVERSION = YES;
				CLANG_WARN_COMMA = YES;
				CLANG_WARN_CONSTANT_CONVERSION = YES;
				CLANG_WARN_DIRECT_OBJC_ISA_USAGE = YES_ERROR;
				CLANG_WARN_DOCUMENTATION_COMMENTS = YES;
				CLANG_WARN_EMPTY_BODY = YES;
				CLANG_WARN_ENUM_CONVERSION = YES;
				CLANG_WARN_INFINITE_RECURSION = YES;
				CLANG_WARN_INT_CONVERSION = YES;
				CLANG_WARN_NON_LITERAL_NULL_CONVERSION = YES;
				CLANG_WARN_OBJC_LITERAL_CONVERSION = YES;
				CLANG_WARN_OBJC_ROOT_CLASS = YES_ERROR;
				CLANG_WARN_RANGE_LOOP_ANALYSIS = YES;
				CLANG_WARN_STRICT_PROTOTYPES = YES;
				CLANG_WARN_SUSPICIOUS_MOVE = YES;
				CLANG_WARN_SUSPICIOUS_MOVES = YES;
				CLANG_WARN_UNREACHABLE_CODE = YES;
				CLANG_WARN__DUPLICATE_METHOD_MATCH = YES;
				"CODE_SIGN_IDENTITY[sdk=iphoneos*]" = "iPhone Developer";
				COPY_PHASE_STRIP = NO;
				DEBUG_INFORMATION_FORMAT = dwarf;
				ENABLE_STRICT_OBJC_MSGSEND = YES;
				ENABLE_TESTABILITY = YES;
				GCC_C_LANGUAGE_STANDARD = gnu99;
				GCC_DYNAMIC_NO_PIC = NO;
				GCC_NO_COMMON_BLOCKS = YES;
				GCC_OPTIMIZATION_LEVEL = 0;
				GCC_PREPROCESSOR_DEFINITIONS = (
					"DEBUG=1",
					"$(inherited)",
				);
				GCC_WARN_64_TO_32_BIT_CONVERSION = YES;
				GCC_WARN_ABOUT_RETURN_TYPE = YES_ERROR;
				GCC_WARN_UNDECLARED_SELECTOR = YES;
				GCC_WARN_UNINITIALIZED_AUTOS = YES_AGGRESSIVE;
				GCC_WARN_UNUSED_FUNCTION = YES;
				GCC_WARN_UNUSED_VARIABLE = YES;
				IPHONEOS_DEPLOYMENT_TARGET = 10.0;
				MTL_ENABLE_DEBUG_INFO = YES;
				ONLY_ACTIVE_ARCH = YES;
				SDKROOT = iphoneos;
				SWIFT_ACTIVE_COMPILATION_CONDITIONS = DEBUG;
				SWIFT_OPTIMIZATION_LEVEL = "-Onone";
				SWIFT_SWIFT3_OBJC_INFERENCE = Off;
				SWIFT_VERSION = 4.0;
				TARGETED_DEVICE_FAMILY = "1,2";
			};
			name = Debug;
		};
		D02047301D78E8F400CB7C5D /* Release */ = {
			isa = XCBuildConfiguration;
			buildSettings = {
				ALWAYS_SEARCH_USER_PATHS = NO;
				CLANG_ANALYZER_NONNULL = YES;
				CLANG_CXX_LANGUAGE_STANDARD = "gnu++0x";
				CLANG_CXX_LIBRARY = "libc++";
				CLANG_ENABLE_MODULES = YES;
				CLANG_ENABLE_OBJC_ARC = YES;
				CLANG_WARN_BLOCK_CAPTURE_AUTORELEASING = YES;
				CLANG_WARN_BOOL_CONVERSION = YES;
				CLANG_WARN_COMMA = YES;
				CLANG_WARN_CONSTANT_CONVERSION = YES;
				CLANG_WARN_DIRECT_OBJC_ISA_USAGE = YES_ERROR;
				CLANG_WARN_DOCUMENTATION_COMMENTS = YES;
				CLANG_WARN_EMPTY_BODY = YES;
				CLANG_WARN_ENUM_CONVERSION = YES;
				CLANG_WARN_INFINITE_RECURSION = YES;
				CLANG_WARN_INT_CONVERSION = YES;
				CLANG_WARN_NON_LITERAL_NULL_CONVERSION = YES;
				CLANG_WARN_OBJC_LITERAL_CONVERSION = YES;
				CLANG_WARN_OBJC_ROOT_CLASS = YES_ERROR;
				CLANG_WARN_RANGE_LOOP_ANALYSIS = YES;
				CLANG_WARN_STRICT_PROTOTYPES = YES;
				CLANG_WARN_SUSPICIOUS_MOVE = YES;
				CLANG_WARN_SUSPICIOUS_MOVES = YES;
				CLANG_WARN_UNREACHABLE_CODE = YES;
				CLANG_WARN__DUPLICATE_METHOD_MATCH = YES;
				"CODE_SIGN_IDENTITY[sdk=iphoneos*]" = "iPhone Developer";
				COPY_PHASE_STRIP = NO;
				DEBUG_INFORMATION_FORMAT = "dwarf-with-dsym";
				ENABLE_NS_ASSERTIONS = NO;
				ENABLE_STRICT_OBJC_MSGSEND = YES;
				GCC_C_LANGUAGE_STANDARD = gnu99;
				GCC_NO_COMMON_BLOCKS = YES;
				GCC_WARN_64_TO_32_BIT_CONVERSION = YES;
				GCC_WARN_ABOUT_RETURN_TYPE = YES_ERROR;
				GCC_WARN_UNDECLARED_SELECTOR = YES;
				GCC_WARN_UNINITIALIZED_AUTOS = YES_AGGRESSIVE;
				GCC_WARN_UNUSED_FUNCTION = YES;
				GCC_WARN_UNUSED_VARIABLE = YES;
				IPHONEOS_DEPLOYMENT_TARGET = 10.0;
				MTL_ENABLE_DEBUG_INFO = NO;
				SDKROOT = iphoneos;
				SWIFT_OPTIMIZATION_LEVEL = "-Owholemodule";
				SWIFT_SWIFT3_OBJC_INFERENCE = Off;
				SWIFT_VERSION = 4.0;
				TARGETED_DEVICE_FAMILY = "1,2";
				VALIDATE_PRODUCT = YES;
			};
			name = Release;
		};
		D02047321D78E8F400CB7C5D /* Debug */ = {
			isa = XCBuildConfiguration;
			baseConfigurationReference = 89735634748133BEA982B25B /* Pods-Pantry.debug.xcconfig */;
			buildSettings = {
				ALWAYS_EMBED_SWIFT_STANDARD_LIBRARIES = "$(inherited)";
				ASSETCATALOG_COMPILER_APPICON_NAME = AppIcon;
				CODE_SIGN_ENTITLEMENTS = Pantry/Pantry.entitlements;
				DEVELOPMENT_TEAM = 747EALPHEP;
				FRAMEWORK_SEARCH_PATHS = (
					"$(inherited)",
					"$(PROJECT_DIR)",
				);
				INFOPLIST_FILE = Pantry/Application/Info.plist;
				LD_RUNPATH_SEARCH_PATHS = "$(inherited) @executable_path/Frameworks";
				PRODUCT_BUNDLE_IDENTIFIER = me.justinoroz.Pantry;
				PRODUCT_NAME = "$(TARGET_NAME)";
				SWIFT_SWIFT3_OBJC_INFERENCE = Off;
				SWIFT_VERSION = 3.0;
			};
			name = Debug;
		};
		D02047331D78E8F400CB7C5D /* Release */ = {
			isa = XCBuildConfiguration;
			baseConfigurationReference = D6C838AA62C3C55C9177C633 /* Pods-Pantry.release.xcconfig */;
			buildSettings = {
				ALWAYS_EMBED_SWIFT_STANDARD_LIBRARIES = "$(inherited)";
				ASSETCATALOG_COMPILER_APPICON_NAME = AppIcon;
				CODE_SIGN_ENTITLEMENTS = Pantry/Pantry.entitlements;
				DEVELOPMENT_TEAM = 747EALPHEP;
				FRAMEWORK_SEARCH_PATHS = (
					"$(inherited)",
					"$(PROJECT_DIR)",
				);
				INFOPLIST_FILE = Pantry/Application/Info.plist;
				LD_RUNPATH_SEARCH_PATHS = "$(inherited) @executable_path/Frameworks";
				PRODUCT_BUNDLE_IDENTIFIER = me.justinoroz.Pantry;
				PRODUCT_NAME = "$(TARGET_NAME)";
				SWIFT_SWIFT3_OBJC_INFERENCE = Off;
				SWIFT_VERSION = 3.0;
			};
			name = Release;
		};
		D02047351D78E8F400CB7C5D /* Debug */ = {
			isa = XCBuildConfiguration;
			baseConfigurationReference = 71637716CC578255D7E48ED8 /* Pods-PantryTests.debug.xcconfig */;
			buildSettings = {
				ALWAYS_EMBED_SWIFT_STANDARD_LIBRARIES = YES;
				BUNDLE_LOADER = "$(TEST_HOST)";
				DEVELOPMENT_TEAM = 747EALPHEP;
				GCC_WARN_INHIBIT_ALL_WARNINGS = YES;
				INFOPLIST_FILE = PantryTests/Info.plist;
				LD_RUNPATH_SEARCH_PATHS = "$(inherited) @executable_path/Frameworks @loader_path/Frameworks";
				PRODUCT_BUNDLE_IDENTIFIER = me.justinoroz.PantryTests;
				PRODUCT_NAME = "$(TARGET_NAME)";
				SWIFT_SWIFT3_OBJC_INFERENCE = On;
				SWIFT_VERSION = 4.0;
				TEST_HOST = "$(BUILT_PRODUCTS_DIR)/Pantry.app/Pantry";
			};
			name = Debug;
		};
		D02047361D78E8F400CB7C5D /* Release */ = {
			isa = XCBuildConfiguration;
			baseConfigurationReference = 0839DCF6F0D43A1461038D41 /* Pods-PantryTests.release.xcconfig */;
			buildSettings = {
				ALWAYS_EMBED_SWIFT_STANDARD_LIBRARIES = YES;
				BUNDLE_LOADER = "$(TEST_HOST)";
				DEVELOPMENT_TEAM = 747EALPHEP;
				GCC_WARN_INHIBIT_ALL_WARNINGS = YES;
				INFOPLIST_FILE = PantryTests/Info.plist;
				LD_RUNPATH_SEARCH_PATHS = "$(inherited) @executable_path/Frameworks @loader_path/Frameworks";
				PRODUCT_BUNDLE_IDENTIFIER = me.justinoroz.PantryTests;
				PRODUCT_NAME = "$(TARGET_NAME)";
				SWIFT_SWIFT3_OBJC_INFERENCE = On;
				SWIFT_VERSION = 4.0;
				TEST_HOST = "$(BUILT_PRODUCTS_DIR)/Pantry.app/Pantry";
			};
			name = Release;
		};
		D02047381D78E8F400CB7C5D /* Debug */ = {
			isa = XCBuildConfiguration;
			baseConfigurationReference = D504D17F6A9030BA2CEE7D2D /* Pods-PantryUITests.debug.xcconfig */;
			buildSettings = {
				ALWAYS_EMBED_SWIFT_STANDARD_LIBRARIES = YES;
				DEVELOPMENT_TEAM = 747EALPHEP;
				GCC_WARN_INHIBIT_ALL_WARNINGS = YES;
				INFOPLIST_FILE = PantryUITests/Info.plist;
				LD_RUNPATH_SEARCH_PATHS = "$(inherited) @executable_path/Frameworks @loader_path/Frameworks";
				PRODUCT_BUNDLE_IDENTIFIER = me.justinoroz.PantryUITests;
				PRODUCT_NAME = "$(TARGET_NAME)";
				SWIFT_SWIFT3_OBJC_INFERENCE = Off;
				SWIFT_VERSION = 4.0;
				TEST_TARGET_NAME = Pantry;
			};
			name = Debug;
		};
		D02047391D78E8F400CB7C5D /* Release */ = {
			isa = XCBuildConfiguration;
			baseConfigurationReference = 6E4BC14A3E7BC3F44CEE18D1 /* Pods-PantryUITests.release.xcconfig */;
			buildSettings = {
				ALWAYS_EMBED_SWIFT_STANDARD_LIBRARIES = YES;
				DEVELOPMENT_TEAM = 747EALPHEP;
				GCC_WARN_INHIBIT_ALL_WARNINGS = YES;
				INFOPLIST_FILE = PantryUITests/Info.plist;
				LD_RUNPATH_SEARCH_PATHS = "$(inherited) @executable_path/Frameworks @loader_path/Frameworks";
				PRODUCT_BUNDLE_IDENTIFIER = me.justinoroz.PantryUITests;
				PRODUCT_NAME = "$(TARGET_NAME)";
				SWIFT_SWIFT3_OBJC_INFERENCE = Off;
				SWIFT_VERSION = 4.0;
				TEST_TARGET_NAME = Pantry;
			};
			name = Release;
		};
/* End XCBuildConfiguration section */

/* Begin XCConfigurationList section */
		D02047021D78E8F300CB7C5D /* Build configuration list for PBXProject "Pantry" */ = {
			isa = XCConfigurationList;
			buildConfigurations = (
				D020472F1D78E8F400CB7C5D /* Debug */,
				D02047301D78E8F400CB7C5D /* Release */,
			);
			defaultConfigurationIsVisible = 0;
			defaultConfigurationName = Release;
		};
		D02047311D78E8F400CB7C5D /* Build configuration list for PBXNativeTarget "Pantry" */ = {
			isa = XCConfigurationList;
			buildConfigurations = (
				D02047321D78E8F400CB7C5D /* Debug */,
				D02047331D78E8F400CB7C5D /* Release */,
			);
			defaultConfigurationIsVisible = 0;
			defaultConfigurationName = Release;
		};
		D02047341D78E8F400CB7C5D /* Build configuration list for PBXNativeTarget "PantryTests" */ = {
			isa = XCConfigurationList;
			buildConfigurations = (
				D02047351D78E8F400CB7C5D /* Debug */,
				D02047361D78E8F400CB7C5D /* Release */,
			);
			defaultConfigurationIsVisible = 0;
			defaultConfigurationName = Release;
		};
		D02047371D78E8F400CB7C5D /* Build configuration list for PBXNativeTarget "PantryUITests" */ = {
			isa = XCConfigurationList;
			buildConfigurations = (
				D02047381D78E8F400CB7C5D /* Debug */,
				D02047391D78E8F400CB7C5D /* Release */,
			);
			defaultConfigurationIsVisible = 0;
			defaultConfigurationName = Release;
		};
/* End XCConfigurationList section */
	};
	rootObject = D02046FF1D78E8F300CB7C5D /* Project object */;
}
